
Microsoft Visual Studio Solution File, Format Version 12.00
# Visual Studio 15
VisualStudioVersion = 15.0.27130.2036
MinimumVisualStudioVersion = 10.0.40219.1
Project("{FAE04EC0-301F-11D3-BF4B-00C04F79EFBC}") = "TequiScanner.Droid", "TequiScanner.Droid\TequiScanner.Droid.csproj", "{12873E0F-C093-4130-867F-8232E52FBFC8}"
EndProject
Project("{FAE04EC0-301F-11D3-BF4B-00C04F79EFBC}") = "TequiScanner.iOS", "TequiScanner.iOS\TequiScanner.iOS.csproj", "{C2D1F28D-C65E-499D-820D-1D65FB5121A2}"
EndProject
Project("{FAE04EC0-301F-11D3-BF4B-00C04F79EFBC}") = "TequiScanner.Shared", "TequiScanner.Shared\TequiScanner.Shared.csproj", "{DA01043D-897D-44D2-84AC-1778D7A985A7}"
EndProject
Global
	GlobalSection(SolutionConfigurationPlatforms) = preSolution
		Debug|Any CPU = Debug|Any CPU
		Debug|iPhone = Debug|iPhone
		Debug|iPhoneSimulator = Debug|iPhoneSimulator
		Release|Any CPU = Release|Any CPU
		Release|iPhone = Release|iPhone
		Release|iPhoneSimulator = Release|iPhoneSimulator
	EndGlobalSection
	GlobalSection(ProjectConfigurationPlatforms) = postSolution
		{12873E0F-C093-4130-867F-8232E52FBFC8}.Debug|Any CPU.ActiveCfg = Debug|Any CPU
		{12873E0F-C093-4130-867F-8232E52FBFC8}.Debug|Any CPU.Build.0 = Debug|Any CPU
		{12873E0F-C093-4130-867F-8232E52FBFC8}.Debug|Any CPU.Deploy.0 = Debug|Any CPU
		{12873E0F-C093-4130-867F-8232E52FBFC8}.Debug|iPhone.ActiveCfg = Debug|Any CPU
		{12873E0F-C093-4130-867F-8232E52FBFC8}.Debug|iPhone.Build.0 = Debug|Any CPU
		{12873E0F-C093-4130-867F-8232E52FBFC8}.Debug|iPhone.Deploy.0 = Debug|Any CPU
		{12873E0F-C093-4130-867F-8232E52FBFC8}.Debug|iPhoneSimulator.ActiveCfg = Debug|Any CPU
		{12873E0F-C093-4130-867F-8232E52FBFC8}.Debug|iPhoneSimulator.Build.0 = Debug|Any CPU
		{12873E0F-C093-4130-867F-8232E52FBFC8}.Debug|iPhoneSimulator.Deploy.0 = Debug|Any CPU
		{12873E0F-C093-4130-867F-8232E52FBFC8}.Release|Any CPU.ActiveCfg = Release|Any CPU
		{12873E0F-C093-4130-867F-8232E52FBFC8}.Release|Any CPU.Build.0 = Release|Any CPU
		{12873E0F-C093-4130-867F-8232E52FBFC8}.Release|Any CPU.Deploy.0 = Release|Any CPU
		{12873E0F-C093-4130-867F-8232E52FBFC8}.Release|iPhone.ActiveCfg = Release|Any CPU
		{12873E0F-C093-4130-867F-8232E52FBFC8}.Release|iPhone.Build.0 = Release|Any CPU
		{12873E0F-C093-4130-867F-8232E52FBFC8}.Release|iPhone.Deploy.0 = Release|Any CPU
		{12873E0F-C093-4130-867F-8232E52FBFC8}.Release|iPhoneSimulator.ActiveCfg = Release|Any CPU
		{12873E0F-C093-4130-867F-8232E52FBFC8}.Release|iPhoneSimulator.Build.0 = Release|Any CPU
		{12873E0F-C093-4130-867F-8232E52FBFC8}.Release|iPhoneSimulator.Deploy.0 = Release|Any CPU
		{C2D1F28D-C65E-499D-820D-1D65FB5121A2}.Debug|Any CPU.ActiveCfg = Debug|iPhone
		{C2D1F28D-C65E-499D-820D-1D65FB5121A2}.Debug|iPhone.ActiveCfg = Debug|iPhone
		{C2D1F28D-C65E-499D-820D-1D65FB5121A2}.Debug|iPhone.Build.0 = Debug|iPhone
		{C2D1F28D-C65E-499D-820D-1D65FB5121A2}.Debug|iPhoneSimulator.ActiveCfg = Debug|iPhoneSimulator
		{C2D1F28D-C65E-499D-820D-1D65FB5121A2}.Debug|iPhoneSimulator.Build.0 = Debug|iPhoneSimulator
		{C2D1F28D-C65E-499D-820D-1D65FB5121A2}.Release|Any CPU.ActiveCfg = Release|iPhone
		{C2D1F28D-C65E-499D-820D-1D65FB5121A2}.Release|iPhone.ActiveCfg = Release|iPhone
		{C2D1F28D-C65E-499D-820D-1D65FB5121A2}.Release|iPhone.Build.0 = Release|iPhone
		{C2D1F28D-C65E-499D-820D-1D65FB5121A2}.Release|iPhoneSimulator.ActiveCfg = Release|iPhoneSimulator
		{C2D1F28D-C65E-499D-820D-1D65FB5121A2}.Release|iPhoneSimulator.Build.0 = Release|iPhoneSimulator
		{DA01043D-897D-44D2-84AC-1778D7A985A7}.Debug|Any CPU.ActiveCfg = Debug|Any CPU
		{DA01043D-897D-44D2-84AC-1778D7A985A7}.Debug|Any CPU.Build.0 = Debug|Any CPU
		{DA01043D-897D-44D2-84AC-1778D7A985A7}.Debug|iPhone.ActiveCfg = Debug|Any CPU
		{DA01043D-897D-44D2-84AC-1778D7A985A7}.Debug|iPhone.Build.0 = Debug|Any CPU
		{DA01043D-897D-44D2-84AC-1778D7A985A7}.Debug|iPhoneSimulator.ActiveCfg = Debug|Any CPU
		{DA01043D-897D-44D2-84AC-1778D7A985A7}.Debug|iPhoneSimulator.Build.0 = Debug|Any CPU
		{DA01043D-897D-44D2-84AC-1778D7A985A7}.Release|Any CPU.ActiveCfg = Release|Any CPU
		{DA01043D-897D-44D2-84AC-1778D7A985A7}.Release|Any CPU.Build.0 = Release|Any CPU
		{DA01043D-897D-44D2-84AC-1778D7A985A7}.Release|iPhone.ActiveCfg = Release|Any CPU
		{DA01043D-897D-44D2-84AC-1778D7A985A7}.Release|iPhone.Build.0 = Release|Any CPU
		{DA01043D-897D-44D2-84AC-1778D7A985A7}.Release|iPhoneSimulator.ActiveCfg = Release|Any CPU
		{DA01043D-897D-44D2-84AC-1778D7A985A7}.Release|iPhoneSimulator.Build.0 = Release|Any CPU
	EndGlobalSection
	GlobalSection(SolutionProperties) = preSolution
		HideSolutionNode = FALSE
	EndGlobalSection
	GlobalSection(ExtensibilityGlobals) = postSolution
		SolutionGuid = {995D304A-33DC-4FC7-BC23-71D61540ACC8}
	EndGlobalSection
EndGlobal
